
Microsoft Visual Studio Solution File, Format Version 12.00
# Visual Studio Version 16
VisualStudioVersion = 16.0.29326.143
MinimumVisualStudioVersion = 10.0.40219.1
Project("{FAE04EC0-301F-11D3-BF4B-00C04F79EFBC}") = "PatronDecoratorPrueba", "PatronDecoratorPrueba.csproj", "{B9F9AAE7-EE73-41C3-A355-CB3C3F26CCB6}"
EndProject
Global
	GlobalSection(SolutionConfigurationPlatforms) = preSolution
		Debug|Any CPU = Debug|Any CPU
		Release|Any CPU = Release|Any CPU
	EndGlobalSection
	GlobalSection(ProjectConfigurationPlatforms) = postSolution
		{B9F9AAE7-EE73-41C3-A355-CB3C3F26CCB6}.Debug|Any CPU.ActiveCfg = Debug|Any CPU
		{B9F9AAE7-EE73-41C3-A355-CB3C3F26CCB6}.Debug|Any CPU.Build.0 = Debug|Any CPU
		{B9F9AAE7-EE73-41C3-A355-CB3C3F26CCB6}.Release|Any CPU.ActiveCfg = Release|Any CPU
		{B9F9AAE7-EE73-41C3-A355-CB3C3F26CCB6}.Release|Any CPU.Build.0 = Release|Any CPU
	EndGlobalSection
	GlobalSection(SolutionProperties) = preSolution
		HideSolutionNode = FALSE
	EndGlobalSection
	GlobalSection(ExtensibilityGlobals) = postSolution
		SolutionGuid = {B434475A-E987-4FC8-925C-FCA2293C25A1}
	EndGlobalSection
EndGlobal
